
Microsoft Visual Studio Solution File, Format Version 12.00
# Visual Studio Version 17
VisualStudioVersion = 17.5.33414.496
MinimumVisualStudioVersion = 10.0.40219.1
Project("{9A19103F-16F7-4668-BE54-9A1E7A4F7556}") = "Micro_House_Manage_API", "Micro_House_Manage_API\Micro_House_Manage_API.csproj", "{B1AC153B-9473-412C-93F5-92A6CD3CFDDB}"
EndProject
Project("{FAE04EC0-301F-11D3-BF4B-00C04F79EFBC}") = "Micro_Identity_API", "Micro_Identity_API\Micro_Identity_API.csproj", "{5B3291BA-B7EF-42D6-B1F7-5EEFA371E0AA}"
EndProject
Global
	GlobalSection(SolutionConfigurationPlatforms) = preSolution
		Debug|Any CPU = Debug|Any CPU
		Release|Any CPU = Release|Any CPU
	EndGlobalSection
	GlobalSection(ProjectConfigurationPlatforms) = postSolution
		{B1AC153B-9473-412C-93F5-92A6CD3CFDDB}.Debug|Any CPU.ActiveCfg = Debug|Any CPU
		{B1AC153B-9473-412C-93F5-92A6CD3CFDDB}.Debug|Any CPU.Build.0 = Debug|Any CPU
		{B1AC153B-9473-412C-93F5-92A6CD3CFDDB}.Release|Any CPU.ActiveCfg = Release|Any CPU
		{B1AC153B-9473-412C-93F5-92A6CD3CFDDB}.Release|Any CPU.Build.0 = Release|Any CPU
		{5B3291BA-B7EF-42D6-B1F7-5EEFA371E0AA}.Debug|Any CPU.ActiveCfg = Debug|Any CPU
		{5B3291BA-B7EF-42D6-B1F7-5EEFA371E0AA}.Debug|Any CPU.Build.0 = Debug|Any CPU
		{5B3291BA-B7EF-42D6-B1F7-5EEFA371E0AA}.Release|Any CPU.ActiveCfg = Release|Any CPU
		{5B3291BA-B7EF-42D6-B1F7-5EEFA371E0AA}.Release|Any CPU.Build.0 = Release|Any CPU
	EndGlobalSection
	GlobalSection(SolutionProperties) = preSolution
		HideSolutionNode = FALSE
	EndGlobalSection
	GlobalSection(ExtensibilityGlobals) = postSolution
		SolutionGuid = {CDE0F415-A630-4C58-8395-B8AE5B15C0D4}
	EndGlobalSection
EndGlobal
